{
  "name": "chromeFinch",
  "version": "1.0.0",
  "lockfileVersion": 2,
  "requires": true,
  "packages": {
    "": {
      "name": "chromeFinch",
      "version": "1.0.0",
      "license": "ISC",
      "dependencies": {
        "args-list-parser": "^1.2.0"
      }
    },
    "node_modules/args-list-parser": {
      "version": "1.2.0",
      "resolved": "https://registry.npmjs.org/args-list-parser/-/args-list-parser-1.2.0.tgz",
      "integrity": "sha512-PrNuQWknAmqYQvbtjB43anBi52wVqO5Z2eLmUtv4il2NjIP0m4BZh7ObEHzwI7365kvw3qKOW92rtMoEb+o32A=="
    }
  },
  "dependencies": {
    "args-list-parser": {
      "version": "1.2.0",
      "resolved": "https://registry.npmjs.org/args-list-parser/-/args-list-parser-1.2.0.tgz",
      "integrity": "sha512-PrNuQWknAmqYQvbtjB43anBi52wVqO5Z2eLmUtv4il2NjIP0m4BZh7ObEHzwI7365kvw3qKOW92rtMoEb+o32A=="
    }
  }
}
